
Microsoft Visual Studio Solution File, Format Version 12.00
# Visual Studio Version 17
VisualStudioVersion = 17.3.32825.248
MinimumVisualStudioVersion = 10.0.40219.1
Project("{2150E333-8FDC-42A3-9474-1A3956D46DE8}") = "src", "src", "{7467CA9A-1102-4189-A620-85CC9866705C}"
EndProject
Project("{FAE04EC0-301F-11D3-BF4B-00C04F79EFBC}") = "Interview.API", "src\Interview.API\Interview.API.csproj", "{E4276111-3CC1-428B-A63F-C05DC1950D09}"
EndProject
Project("{FAE04EC0-301F-11D3-BF4B-00C04F79EFBC}") = "Interview.Domain", "src\Interview.Domain\Interview.Domain.csproj", "{836BD735-826B-491B-BA20-6F55191C6BF1}"
EndProject
Project("{FAE04EC0-301F-11D3-BF4B-00C04F79EFBC}") = "Interview.Infrastructure", "src\Interview.Infrastructure\Interview.Infrastructure.csproj", "{AAC07F34-6588-4231-9CCD-BDDB48E33A16}"
EndProject
Global
	GlobalSection(SolutionConfigurationPlatforms) = preSolution
		Debug|Any CPU = Debug|Any CPU
		Release|Any CPU = Release|Any CPU
	EndGlobalSection
	GlobalSection(ProjectConfigurationPlatforms) = postSolution
		{E4276111-3CC1-428B-A63F-C05DC1950D09}.Debug|Any CPU.ActiveCfg = Debug|Any CPU
		{E4276111-3CC1-428B-A63F-C05DC1950D09}.Debug|Any CPU.Build.0 = Debug|Any CPU
		{E4276111-3CC1-428B-A63F-C05DC1950D09}.Release|Any CPU.ActiveCfg = Release|Any CPU
		{E4276111-3CC1-428B-A63F-C05DC1950D09}.Release|Any CPU.Build.0 = Release|Any CPU
		{836BD735-826B-491B-BA20-6F55191C6BF1}.Debug|Any CPU.ActiveCfg = Debug|Any CPU
		{836BD735-826B-491B-BA20-6F55191C6BF1}.Debug|Any CPU.Build.0 = Debug|Any CPU
		{836BD735-826B-491B-BA20-6F55191C6BF1}.Release|Any CPU.ActiveCfg = Release|Any CPU
		{836BD735-826B-491B-BA20-6F55191C6BF1}.Release|Any CPU.Build.0 = Release|Any CPU
		{AAC07F34-6588-4231-9CCD-BDDB48E33A16}.Debug|Any CPU.ActiveCfg = Debug|Any CPU
		{AAC07F34-6588-4231-9CCD-BDDB48E33A16}.Debug|Any CPU.Build.0 = Debug|Any CPU
		{AAC07F34-6588-4231-9CCD-BDDB48E33A16}.Release|Any CPU.ActiveCfg = Release|Any CPU
		{AAC07F34-6588-4231-9CCD-BDDB48E33A16}.Release|Any CPU.Build.0 = Release|Any CPU
	EndGlobalSection
	GlobalSection(SolutionProperties) = preSolution
		HideSolutionNode = FALSE
	EndGlobalSection
	GlobalSection(NestedProjects) = preSolution
		{E4276111-3CC1-428B-A63F-C05DC1950D09} = {7467CA9A-1102-4189-A620-85CC9866705C}
		{836BD735-826B-491B-BA20-6F55191C6BF1} = {7467CA9A-1102-4189-A620-85CC9866705C}
		{AAC07F34-6588-4231-9CCD-BDDB48E33A16} = {7467CA9A-1102-4189-A620-85CC9866705C}
	EndGlobalSection
	GlobalSection(ExtensibilityGlobals) = postSolution
		SolutionGuid = {BDA3011A-BC22-4058-8F4B-9ADA2383B59A}
	EndGlobalSection
EndGlobal
